
Microsoft Visual Studio Solution File, Format Version 12.00
# Visual Studio Version 17
VisualStudioVersion = 17.14.36310.24 d17.14
MinimumVisualStudioVersion = 10.0.40219.1
Project("{FAE04EC0-301F-11D3-BF4B-00C04F79EFBC}") = "ConsoleAppGeneric_Async_Order_Processing_System", "ConsoleAppGeneric_Async_Order_Processing_System.csproj", "{5114B561-9F84-4A66-A47A-329ED1C81F83}"
EndProject
Global
	GlobalSection(SolutionConfigurationPlatforms) = preSolution
		Debug|Any CPU = Debug|Any CPU
		Release|Any CPU = Release|Any CPU
	EndGlobalSection
	GlobalSection(ProjectConfigurationPlatforms) = postSolution
		{5114B561-9F84-4A66-A47A-329ED1C81F83}.Debug|Any CPU.ActiveCfg = Debug|Any CPU
		{5114B561-9F84-4A66-A47A-329ED1C81F83}.Debug|Any CPU.Build.0 = Debug|Any CPU
		{5114B561-9F84-4A66-A47A-329ED1C81F83}.Release|Any CPU.ActiveCfg = Release|Any CPU
		{5114B561-9F84-4A66-A47A-329ED1C81F83}.Release|Any CPU.Build.0 = Release|Any CPU
	EndGlobalSection
	GlobalSection(SolutionProperties) = preSolution
		HideSolutionNode = FALSE
	EndGlobalSection
	GlobalSection(ExtensibilityGlobals) = postSolution
		SolutionGuid = {F35C6C20-360D-42B9-AD70-67F7C006FB26}
	EndGlobalSection
EndGlobal
